Microsoft Visual Studio Solution File, Format Version 11.00
# Visual Studio 2008

Project("{14DE8771-A454-11A3-152B-88AE06147A06}") = "virtualweekend", "Assembly-CSharp-firstpass.csproj", "{90847FC4-FE45-B1A1-9A22-64266D578E0B}"
EndProject
Project("{14DE8771-A454-11A3-152B-88AE06147A06}") = "virtualweekend", "Assembly-CSharp.csproj", "{FD6F8F01-B5D5-F5FB-C7EB-CFD6792A46E5}"
EndProject
Project("{14DE8771-A454-11A3-152B-88AE06147A06}") = "virtualweekend", "Assembly-CSharp-Editor.csproj", "{E34C6B85-959C-6B16-3F21-C662855F7522}"
EndProject
Global
	GlobalSection(SolutionConfigurationPlatforms) = preSolution
		Debug|Any CPU = Debug|Any CPU
		Release|Any CPU = Release|Any CPU
	EndGlobalSection
	GlobalSection(ProjectConfigurationPlatforms) = postSolution
		{90847FC4-FE45-B1A1-9A22-64266D578E0B}.Debug|Any CPU.ActiveCfg = Debug|Any CPU
		{90847FC4-FE45-B1A1-9A22-64266D578E0B}.Debug|Any CPU.Build.0 = Debug|Any CPU
		{90847FC4-FE45-B1A1-9A22-64266D578E0B}.Release|Any CPU.ActiveCfg = Release|Any CPU
		{90847FC4-FE45-B1A1-9A22-64266D578E0B}.Release|Any CPU.Build.0 = Release|Any CPU
		{FD6F8F01-B5D5-F5FB-C7EB-CFD6792A46E5}.Debug|Any CPU.ActiveCfg = Debug|Any CPU
		{FD6F8F01-B5D5-F5FB-C7EB-CFD6792A46E5}.Debug|Any CPU.Build.0 = Debug|Any CPU
		{FD6F8F01-B5D5-F5FB-C7EB-CFD6792A46E5}.Release|Any CPU.ActiveCfg = Release|Any CPU
		{FD6F8F01-B5D5-F5FB-C7EB-CFD6792A46E5}.Release|Any CPU.Build.0 = Release|Any CPU
		{E34C6B85-959C-6B16-3F21-C662855F7522}.Debug|Any CPU.ActiveCfg = Debug|Any CPU
		{E34C6B85-959C-6B16-3F21-C662855F7522}.Debug|Any CPU.Build.0 = Debug|Any CPU
		{E34C6B85-959C-6B16-3F21-C662855F7522}.Release|Any CPU.ActiveCfg = Release|Any CPU
		{E34C6B85-959C-6B16-3F21-C662855F7522}.Release|Any CPU.Build.0 = Release|Any CPU
	EndGlobalSection
	GlobalSection(SolutionProperties) = preSolution
		HideSolutionNode = FALSE
	EndGlobalSection
																		GlobalSection(MonoDevelopProperties) = preSolution
		StartupItem = Assembly-CSharp.csproj
		Policies = $0
		$0.TextStylePolicy = $1
		$1.inheritsSet = null
		$1.scope = text/x-csharp
		$0.CSharpFormattingPolicy = $2
		$2.inheritsSet = Mono
		$2.inheritsScope = text/x-csharp
		$2.scope = text/x-csharp
		$0.TextStylePolicy = $3
		$3.FileWidth = 120
		$3.TabWidth = 4
		$3.IndentWidth = 4
		$3.EolMarker = Unix
		$3.inheritsSet = Mono
		$3.inheritsScope = text/plain
		$3.scope = text/plain
	EndGlobalSection

EndGlobal
